// !$*UTF8*$!
{
	archiveVersion = 1;
	classes = {
	};
	objectVersion = 50;
	objects = {

/* Begin PBXBuildFile section */
		D222715495285672E0473B14 /* Pods_Test_Playground.framework in Frameworks */ = {isa = PBXBuildFile; fileRef = 1028CABEDD95EC2BFBDAEDC5 /* Pods_Test_Playground.framework */; };
		ED6D9DA02296B01200671601 /* TestViewModel.swift in Sources */ = {isa = PBXBuildFile; fileRef = ED6D9D992296B01200671601 /* TestViewModel.swift */; };
		ED6D9DA12296B01200671601 /* TestViewController.swift in Sources */ = {isa = PBXBuildFile; fileRef = ED6D9D9A2296B01200671601 /* TestViewController.swift */; };
		ED6D9DA22296B01200671601 /* TestAssembly.swift in Sources */ = {isa = PBXBuildFile; fileRef = ED6D9D9B2296B01200671601 /* TestAssembly.swift */; };
		ED6D9DA32296B01200671601 /* TestInteractor.swift in Sources */ = {isa = PBXBuildFile; fileRef = ED6D9D9C2296B01200671601 /* TestInteractor.swift */; };
		ED6D9DA42296B01200671601 /* TestRouter.swift in Sources */ = {isa = PBXBuildFile; fileRef = ED6D9D9D2296B01200671601 /* TestRouter.swift */; };
		ED6D9DA52296B01200671601 /* TestViewController.xib in Resources */ = {isa = PBXBuildFile; fileRef = ED6D9D9E2296B01200671601 /* TestViewController.xib */; };
		ED6D9DA62296B01200671601 /* TestPresenter.swift in Sources */ = {isa = PBXBuildFile; fileRef = ED6D9D9F2296B01200671601 /* TestPresenter.swift */; };
		ED8464EA22649078003523BC /* AppManager.swift in Sources */ = {isa = PBXBuildFile; fileRef = ED8464E922649078003523BC /* AppManager.swift */; };
		ED8464EE22649829003523BC /* AlbumByIdUseCase.swift in Sources */ = {isa = PBXBuildFile; fileRef = ED8464ED22649829003523BC /* AlbumByIdUseCase.swift */; };
		ED8464F622649853003523BC /* RemoteListViewModel.swift in Sources */ = {isa = PBXBuildFile; fileRef = ED8464EF22649853003523BC /* RemoteListViewModel.swift */; };
		ED8464F722649853003523BC /* RemoteListViewController.swift in Sources */ = {isa = PBXBuildFile; fileRef = ED8464F022649853003523BC /* RemoteListViewController.swift */; };
		ED8464F822649853003523BC /* RemoteListAssembly.swift in Sources */ = {isa = PBXBuildFile; fileRef = ED8464F122649853003523BC /* RemoteListAssembly.swift */; };
		ED8464F922649853003523BC /* RemoteListInteractor.swift in Sources */ = {isa = PBXBuildFile; fileRef = ED8464F222649853003523BC /* RemoteListInteractor.swift */; };
		ED8464FA22649853003523BC /* RemoteListRouter.swift in Sources */ = {isa = PBXBuildFile; fileRef = ED8464F322649853003523BC /* RemoteListRouter.swift */; };
		ED8464FB22649853003523BC /* RemoteListViewController.xib in Resources */ = {isa = PBXBuildFile; fileRef = ED8464F422649853003523BC /* RemoteListViewController.xib */; };
		ED8464FC22649853003523BC /* RemoteListPresenter.swift in Sources */ = {isa = PBXBuildFile; fileRef = ED8464F522649853003523BC /* RemoteListPresenter.swift */; };
		ED84650422649876003523BC /* LocalListViewModel.swift in Sources */ = {isa = PBXBuildFile; fileRef = ED8464FD22649876003523BC /* LocalListViewModel.swift */; };
		ED84650522649876003523BC /* LocalListViewController.swift in Sources */ = {isa = PBXBuildFile; fileRef = ED8464FE22649876003523BC /* LocalListViewController.swift */; };
		ED84650622649876003523BC /* LocalListAssembly.swift in Sources */ = {isa = PBXBuildFile; fileRef = ED8464FF22649876003523BC /* LocalListAssembly.swift */; };
		ED84650722649876003523BC /* LocalListInteractor.swift in Sources */ = {isa = PBXBuildFile; fileRef = ED84650022649876003523BC /* LocalListInteractor.swift */; };
		ED84650822649876003523BC /* LocalListRouter.swift in Sources */ = {isa = PBXBuildFile; fileRef = ED84650122649876003523BC /* LocalListRouter.swift */; };
		ED84650922649876003523BC /* LocalListViewController.xib in Resources */ = {isa = PBXBuildFile; fileRef = ED84650222649876003523BC /* LocalListViewController.xib */; };
		ED84650A22649876003523BC /* LocalListPresenter.swift in Sources */ = {isa = PBXBuildFile; fileRef = ED84650322649876003523BC /* LocalListPresenter.swift */; };
		ED846512226498A0003523BC /* SettingsViewModel.swift in Sources */ = {isa = PBXBuildFile; fileRef = ED84650B226498A0003523BC /* SettingsViewModel.swift */; };
		ED846513226498A0003523BC /* SettingsViewController.swift in Sources */ = {isa = PBXBuildFile; fileRef = ED84650C226498A0003523BC /* SettingsViewController.swift */; };
		ED846514226498A0003523BC /* SettingsAssembly.swift in Sources */ = {isa = PBXBuildFile; fileRef = ED84650D226498A0003523BC /* SettingsAssembly.swift */; };
		ED846515226498A0003523BC /* SettingsInteractor.swift in Sources */ = {isa = PBXBuildFile; fileRef = ED84650E226498A0003523BC /* SettingsInteractor.swift */; };
		ED846516226498A0003523BC /* SettingsRouter.swift in Sources */ = {isa = PBXBuildFile; fileRef = ED84650F226498A0003523BC /* SettingsRouter.swift */; };
		ED846517226498A0003523BC /* SettingsViewController.xib in Resources */ = {isa = PBXBuildFile; fileRef = ED846510226498A0003523BC /* SettingsViewController.xib */; };
		ED846518226498A0003523BC /* SettingsPresenter.swift in Sources */ = {isa = PBXBuildFile; fileRef = ED846511226498A0003523BC /* SettingsPresenter.swift */; };
		ED84651A2264CC66003523BC /* BasicTabBarAssembly.swift in Sources */ = {isa = PBXBuildFile; fileRef = ED8465192264CC66003523BC /* BasicTabBarAssembly.swift */; };
		ED84651C2264CC7E003523BC /* BasicTabBarViewModel.swift in Sources */ = {isa = PBXBuildFile; fileRef = ED84651B2264CC7E003523BC /* BasicTabBarViewModel.swift */; };
		ED8465252265FA16003523BC /* ServiceViewModel.swift in Sources */ = {isa = PBXBuildFile; fileRef = ED84651E2265FA16003523BC /* ServiceViewModel.swift */; };
		ED8465262265FA16003523BC /* ServiceViewController.swift in Sources */ = {isa = PBXBuildFile; fileRef = ED84651F2265FA16003523BC /* ServiceViewController.swift */; };
		ED8465272265FA16003523BC /* ServiceAssembly.swift in Sources */ = {isa = PBXBuildFile; fileRef = ED8465202265FA16003523BC /* ServiceAssembly.swift */; };
		ED8465282265FA16003523BC /* ServiceInteractor.swift in Sources */ = {isa = PBXBuildFile; fileRef = ED8465212265FA16003523BC /* ServiceInteractor.swift */; };
		ED8465292265FA16003523BC /* ServiceRouter.swift in Sources */ = {isa = PBXBuildFile; fileRef = ED8465222265FA16003523BC /* ServiceRouter.swift */; };
		ED84652A2265FA16003523BC /* ServiceViewController.xib in Resources */ = {isa = PBXBuildFile; fileRef = ED8465232265FA16003523BC /* ServiceViewController.xib */; };
		ED84652B2265FA16003523BC /* ServicePresenter.swift in Sources */ = {isa = PBXBuildFile; fileRef = ED8465242265FA16003523BC /* ServicePresenter.swift */; };
		EDAD8B7D223A574600F0BB43 /* AppConfiguration.swift in Sources */ = {isa = PBXBuildFile; fileRef = EDAD8B7C223A574600F0BB43 /* AppConfiguration.swift */; };
		EDAD8C14223A5FF200F0BB43 /* InitialViewModel.swift in Sources */ = {isa = PBXBuildFile; fileRef = EDAD8C0D223A5FF200F0BB43 /* InitialViewModel.swift */; };
		EDAD8C15223A5FF200F0BB43 /* InitialViewController.swift in Sources */ = {isa = PBXBuildFile; fileRef = EDAD8C0E223A5FF200F0BB43 /* InitialViewController.swift */; };
		EDAD8C16223A5FF200F0BB43 /* InitialAssembly.swift in Sources */ = {isa = PBXBuildFile; fileRef = EDAD8C0F223A5FF200F0BB43 /* InitialAssembly.swift */; };
		EDAD8C17223A5FF200F0BB43 /* InitialInteractor.swift in Sources */ = {isa = PBXBuildFile; fileRef = EDAD8C10223A5FF200F0BB43 /* InitialInteractor.swift */; };
		EDAD8C18223A5FF200F0BB43 /* InitialRouter.swift in Sources */ = {isa = PBXBuildFile; fileRef = EDAD8C11223A5FF200F0BB43 /* InitialRouter.swift */; };
		EDAD8C19223A5FF200F0BB43 /* InitialViewController.xib in Resources */ = {isa = PBXBuildFile; fileRef = EDAD8C12223A5FF200F0BB43 /* InitialViewController.xib */; };
		EDAD8C1A223A5FF200F0BB43 /* InitialPresenter.swift in Sources */ = {isa = PBXBuildFile; fileRef = EDAD8C13223A5FF200F0BB43 /* InitialPresenter.swift */; };
		EDAD8C24223A6DE800F0BB43 /* Playground.xcdatamodeld in Sources */ = {isa = PBXBuildFile; fileRef = EDAD8C22223A6DE800F0BB43 /* Playground.xcdatamodeld */; };
		EDAD8C28223A745500F0BB43 /* PhotoEntity.swift in Sources */ = {isa = PBXBuildFile; fileRef = EDAD8C27223A745500F0BB43 /* PhotoEntity.swift */; };
		EDAD8C2A223A82C500F0BB43 /* AlbumRepository.swift in Sources */ = {isa = PBXBuildFile; fileRef = EDAD8C29223A82C500F0BB43 /* AlbumRepository.swift */; };
		EDAD8C30223A8E6200F0BB43 /* PlaygroundRepository.swift in Sources */ = {isa = PBXBuildFile; fileRef = EDAD8C2F223A8E6200F0BB43 /* PlaygroundRepository.swift */; };
		EDAD8C37223B8E9700F0BB43 /* AlbumEntity.swift in Sources */ = {isa = PBXBuildFile; fileRef = EDAD8C35223B8E9700F0BB43 /* AlbumEntity.swift */; };
		EDAD8C3E223BA54600F0BB43 /* Album.swift in Sources */ = {isa = PBXBuildFile; fileRef = EDAD8C3D223BA54600F0BB43 /* Album.swift */; };
		EDAD8C40223BBAD200F0BB43 /* Photo.swift in Sources */ = {isa = PBXBuildFile; fileRef = EDAD8C3F223BBAD200F0BB43 /* Photo.swift */; };
		EDAD8C42223BBB5900F0BB43 /* AlbumUseCase.swift in Sources */ = {isa = PBXBuildFile; fileRef = EDAD8C41223BBB5900F0BB43 /* AlbumUseCase.swift */; };
		EDAD8C44223BBE0400F0BB43 /* AlbumResponse.swift in Sources */ = {isa = PBXBuildFile; fileRef = EDAD8C43223BBE0400F0BB43 /* AlbumResponse.swift */; };
		EDBD4091222FB5BE00ADD9A0 /* AppDelegate.swift in Sources */ = {isa = PBXBuildFile; fileRef = EDBD4090222FB5BE00ADD9A0 /* AppDelegate.swift */; };
		EDBD4098222FB5C000ADD9A0 /* Assets.xcassets in Resources */ = {isa = PBXBuildFile; fileRef = EDBD4097222FB5C000ADD9A0 /* Assets.xcassets */; };
		EDBD409B222FB5C000ADD9A0 /* LaunchScreen.storyboard in Resources */ = {isa = PBXBuildFile; fileRef = EDBD4099222FB5C000ADD9A0 /* LaunchScreen.storyboard */; };
		EDBD40CB222FBAF500ADD9A0 /* BasicNavigationController.swift in Sources */ = {isa = PBXBuildFile; fileRef = EDBD40CA222FBAF500ADD9A0 /* BasicNavigationController.swift */; };
		EDBD40CE222FBB6000ADD9A0 /* AppThemeManager.swift in Sources */ = {isa = PBXBuildFile; fileRef = EDBD40CD222FBB6000ADD9A0 /* AppThemeManager.swift */; };
		EDBD40D0222FBB6D00ADD9A0 /* AppDefaults.swift in Sources */ = {isa = PBXBuildFile; fileRef = EDBD40CF222FBB6D00ADD9A0 /* AppDefaults.swift */; };
		EDBD40DC222FC93B00ADD9A0 /* PT Root UI_Regular.otf in Resources */ = {isa = PBXBuildFile; fileRef = EDBD40D7222FC93B00ADD9A0 /* PT Root UI_Regular.otf */; };
		EDBD40DD222FC93B00ADD9A0 /* PT Root UI_Light.otf in Resources */ = {isa = PBXBuildFile; fileRef = EDBD40D8222FC93B00ADD9A0 /* PT Root UI_Light.otf */; };
		EDBD40DE222FC93B00ADD9A0 /* PTRootUI.swift in Sources */ = {isa = PBXBuildFile; fileRef = EDBD40D9222FC93B00ADD9A0 /* PTRootUI.swift */; };
		EDBD40DF222FC93B00ADD9A0 /* PT Root UI_Medium.otf in Resources */ = {isa = PBXBuildFile; fileRef = EDBD40DA222FC93B00ADD9A0 /* PT Root UI_Medium.otf */; };
		EDBD40E0222FC93B00ADD9A0 /* PT Root UI_Bold.otf in Resources */ = {isa = PBXBuildFile; fileRef = EDBD40DB222FC93B00ADD9A0 /* PT Root UI_Bold.otf */; };
		EDBD40E6222FCA2700ADD9A0 /* StyleWrapper.swift in Sources */ = {isa = PBXBuildFile; fileRef = EDBD40E4222FCA2700ADD9A0 /* StyleWrapper.swift */; };
		EDBD40E7222FCA2700ADD9A0 /* Stylable.swift in Sources */ = {isa = PBXBuildFile; fileRef = EDBD40E5222FCA2700ADD9A0 /* Stylable.swift */; };
		EDBD40E9222FCA9700ADD9A0 /* StyleWrapper+UILabel.swift in Sources */ = {isa = PBXBuildFile; fileRef = EDBD40E8222FCA9700ADD9A0 /* StyleWrapper+UILabel.swift */; };
		EDBD40EE222FCE3D00ADD9A0 /* Localizable.strings in Resources */ = {isa = PBXBuildFile; fileRef = EDBD40F0222FCE3D00ADD9A0 /* Localizable.strings */; };
		EDBD40F5222FCFF600ADD9A0 /* AppLocalizationManager.swift in Sources */ = {isa = PBXBuildFile; fileRef = EDBD40F4222FCFF600ADD9A0 /* AppLocalizationManager.swift */; };
		EDBD40F7222FD01000ADD9A0 /* AppAssets.swift in Sources */ = {isa = PBXBuildFile; fileRef = EDBD40F6222FD01000ADD9A0 /* AppAssets.swift */; };
		EDBD40F9222FFBA000ADD9A0 /* AppTheme.swift in Sources */ = {isa = PBXBuildFile; fileRef = EDBD40F8222FFBA000ADD9A0 /* AppTheme.swift */; };
		EDBD40FB222FFD5A00ADD9A0 /* Localizable.swift in Sources */ = {isa = PBXBuildFile; fileRef = EDBD40FA222FFD5A00ADD9A0 /* Localizable.swift */; };
		EDBD40FD2230098900ADD9A0 /* AppLocalization.swift in Sources */ = {isa = PBXBuildFile; fileRef = EDBD40FC2230098900ADD9A0 /* AppLocalization.swift */; };
		EDD6326D2254AB1C007750AF /* AlbumRemoteRouter.swift in Sources */ = {isa = PBXBuildFile; fileRef = EDD6326C2254AB1C007750AF /* AlbumRemoteRouter.swift */; };
		EDD6326F2254AB74007750AF /* AlbumLocalRouter.swift in Sources */ = {isa = PBXBuildFile; fileRef = EDD6326E2254AB74007750AF /* AlbumLocalRouter.swift */; };
		EDF808E9226F1BA400BDB753 /* AlbumItemCell.swift in Sources */ = {isa = PBXBuildFile; fileRef = EDF808E8226F1BA400BDB753 /* AlbumItemCell.swift */; };
		EDF808EB226F1BAC00BDB753 /* AlbumItemCell.xib in Resources */ = {isa = PBXBuildFile; fileRef = EDF808EA226F1BAC00BDB753 /* AlbumItemCell.xib */; };
		EDF808ED226F1BC200BDB753 /* AlbumItemCellModel.swift in Sources */ = {isa = PBXBuildFile; fileRef = EDF808EC226F1BC200BDB753 /* AlbumItemCellModel.swift */; };
/* End PBXBuildFile section */

/* Begin PBXFileReference section */
		1028CABEDD95EC2BFBDAEDC5 /* Pods_Test_Playground.framework */ = {isa = PBXFileReference; explicitFileType = wrapper.framework; includeInIndex = 0; path = Pods_Test_Playground.framework; sourceTree = BUILT_PRODUCTS_DIR; };
		52534D87E093901861FA82C7 /* Pods-Test Playground.release.xcconfig */ = {isa = PBXFileReference; includeInIndex = 1; lastKnownFileType = text.xcconfig; name = "Pods-Test Playground.release.xcconfig"; path = "Pods/Target Support Files/Pods-Test Playground/Pods-Test Playground.release.xcconfig"; sourceTree = "<group>"; };
		AA4A1A64ADE76D2B3010137E /* Pods-Test Playground.debug.xcconfig */ = {isa = PBXFileReference; includeInIndex = 1; lastKnownFileType = text.xcconfig; name = "Pods-Test Playground.debug.xcconfig"; path = "Pods/Target Support Files/Pods-Test Playground/Pods-Test Playground.debug.xcconfig"; sourceTree = "<group>"; };
		ED6D9D962296AA9900671601 /* zh-Hans */ = {isa = PBXFileReference; lastKnownFileType = text.plist.strings; name = "zh-Hans"; path = "zh-Hans.lproj/LaunchScreen.strings"; sourceTree = "<group>"; };
		ED6D9D972296AA9B00671601 /* zh-Hans */ = {isa = PBXFileReference; lastKnownFileType = text.plist.strings; name = "zh-Hans"; path = "zh-Hans.lproj/Localizable.strings"; sourceTree = "<group>"; };
		ED6D9D992296B01200671601 /* TestViewModel.swift */ = {isa = PBXFileReference; lastKnownFileType = sourcecode.swift; path = TestViewModel.swift; sourceTree = "<group>"; };
		ED6D9D9A2296B01200671601 /* TestViewController.swift */ = {isa = PBXFileReference; lastKnownFileType = sourcecode.swift; path = TestViewController.swift; sourceTree = "<group>"; };
		ED6D9D9B2296B01200671601 /* TestAssembly.swift */ = {isa = PBXFileReference; lastKnownFileType = sourcecode.swift; path = TestAssembly.swift; sourceTree = "<group>"; };
		ED6D9D9C2296B01200671601 /* TestInteractor.swift */ = {isa = PBXFileReference; lastKnownFileType = sourcecode.swift; path = TestInteractor.swift; sourceTree = "<group>"; };
		ED6D9D9D2296B01200671601 /* TestRouter.swift */ = {isa = PBXFileReference; lastKnownFileType = sourcecode.swift; path = TestRouter.swift; sourceTree = "<group>"; };
		ED6D9D9E2296B01200671601 /* TestViewController.xib */ = {isa = PBXFileReference; lastKnownFileType = file.xib; path = TestViewController.xib; sourceTree = "<group>"; };
		ED6D9D9F2296B01200671601 /* TestPresenter.swift */ = {isa = PBXFileReference; lastKnownFileType = sourcecode.swift; path = TestPresenter.swift; sourceTree = "<group>"; };
		ED8464E922649078003523BC /* AppManager.swift */ = {isa = PBXFileReference; lastKnownFileType = sourcecode.swift; path = AppManager.swift; sourceTree = "<group>"; };
		ED8464ED22649829003523BC /* AlbumByIdUseCase.swift */ = {isa = PBXFileReference; lastKnownFileType = sourcecode.swift; path = AlbumByIdUseCase.swift; sourceTree = "<group>"; };
		ED8464EF22649853003523BC /* RemoteListViewModel.swift */ = {isa = PBXFileReference; lastKnownFileType = sourcecode.swift; path = RemoteListViewModel.swift; sourceTree = "<group>"; };
		ED8464F022649853003523BC /* RemoteListViewController.swift */ = {isa = PBXFileReference; lastKnownFileType = sourcecode.swift; path = RemoteListViewController.swift; sourceTree = "<group>"; };
		ED8464F122649853003523BC /* RemoteListAssembly.swift */ = {isa = PBXFileReference; lastKnownFileType = sourcecode.swift; path = RemoteListAssembly.swift; sourceTree = "<group>"; };
		ED8464F222649853003523BC /* RemoteListInteractor.swift */ = {isa = PBXFileReference; lastKnownFileType = sourcecode.swift; path = RemoteListInteractor.swift; sourceTree = "<group>"; };
		ED8464F322649853003523BC /* RemoteListRouter.swift */ = {isa = PBXFileReference; lastKnownFileType = sourcecode.swift; path = RemoteListRouter.swift; sourceTree = "<group>"; };
		ED8464F422649853003523BC /* RemoteListViewController.xib */ = {isa = PBXFileReference; lastKnownFileType = file.xib; path = RemoteListViewController.xib; sourceTree = "<group>"; };
		ED8464F522649853003523BC /* RemoteListPresenter.swift */ = {isa = PBXFileReference; lastKnownFileType = sourcecode.swift; path = RemoteListPresenter.swift; sourceTree = "<group>"; };
		ED8464FD22649876003523BC /* LocalListViewModel.swift */ = {isa = PBXFileReference; lastKnownFileType = sourcecode.swift; path = LocalListViewModel.swift; sourceTree = "<group>"; };
		ED8464FE22649876003523BC /* LocalListViewController.swift */ = {isa = PBXFileReference; lastKnownFileType = sourcecode.swift; path = LocalListViewController.swift; sourceTree = "<group>"; };
		ED8464FF22649876003523BC /* LocalListAssembly.swift */ = {isa = PBXFileReference; lastKnownFileType = sourcecode.swift; path = LocalListAssembly.swift; sourceTree = "<group>"; };
		ED84650022649876003523BC /* LocalListInteractor.swift */ = {isa = PBXFileReference; lastKnownFileType = sourcecode.swift; path = LocalListInteractor.swift; sourceTree = "<group>"; };
		ED84650122649876003523BC /* LocalListRouter.swift */ = {isa = PBXFileReference; lastKnownFileType = sourcecode.swift; path = LocalListRouter.swift; sourceTree = "<group>"; };
		ED84650222649876003523BC /* LocalListViewController.xib */ = {isa = PBXFileReference; lastKnownFileType = file.xib; path = LocalListViewController.xib; sourceTree = "<group>"; };
		ED84650322649876003523BC /* LocalListPresenter.swift */ = {isa = PBXFileReference; lastKnownFileType = sourcecode.swift; path = LocalListPresenter.swift; sourceTree = "<group>"; };
		ED84650B226498A0003523BC /* SettingsViewModel.swift */ = {isa = PBXFileReference; lastKnownFileType = sourcecode.swift; path = SettingsViewModel.swift; sourceTree = "<group>"; };
		ED84650C226498A0003523BC /* SettingsViewController.swift */ = {isa = PBXFileReference; lastKnownFileType = sourcecode.swift; path = SettingsViewController.swift; sourceTree = "<group>"; };
		ED84650D226498A0003523BC /* SettingsAssembly.swift */ = {isa = PBXFileReference; lastKnownFileType = sourcecode.swift; path = SettingsAssembly.swift; sourceTree = "<group>"; };
		ED84650E226498A0003523BC /* SettingsInteractor.swift */ = {isa = PBXFileReference; lastKnownFileType = sourcecode.swift; path = SettingsInteractor.swift; sourceTree = "<group>"; };
		ED84650F226498A0003523BC /* SettingsRouter.swift */ = {isa = PBXFileReference; lastKnownFileType = sourcecode.swift; path = SettingsRouter.swift; sourceTree = "<group>"; };
		ED846510226498A0003523BC /* SettingsViewController.xib */ = {isa = PBXFileReference; lastKnownFileType = file.xib; path = SettingsViewController.xib; sourceTree = "<group>"; };
		ED846511226498A0003523BC /* SettingsPresenter.swift */ = {isa = PBXFileReference; lastKnownFileType = sourcecode.swift; path = SettingsPresenter.swift; sourceTree = "<group>"; };
		ED8465192264CC66003523BC /* BasicTabBarAssembly.swift */ = {isa = PBXFileReference; lastKnownFileType = sourcecode.swift; path = BasicTabBarAssembly.swift; sourceTree = "<group>"; };
		ED84651B2264CC7E003523BC /* BasicTabBarViewModel.swift */ = {isa = PBXFileReference; lastKnownFileType = sourcecode.swift; path = BasicTabBarViewModel.swift; sourceTree = "<group>"; };
		ED84651E2265FA16003523BC /* ServiceViewModel.swift */ = {isa = PBXFileReference; lastKnownFileType = sourcecode.swift; path = ServiceViewModel.swift; sourceTree = "<group>"; };
		ED84651F2265FA16003523BC /* ServiceViewController.swift */ = {isa = PBXFileReference; lastKnownFileType = sourcecode.swift; path = ServiceViewController.swift; sourceTree = "<group>"; };
		ED8465202265FA16003523BC /* ServiceAssembly.swift */ = {isa = PBXFileReference; lastKnownFileType = sourcecode.swift; path = ServiceAssembly.swift; sourceTree = "<group>"; };
		ED8465212265FA16003523BC /* ServiceInteractor.swift */ = {isa = PBXFileReference; lastKnownFileType = sourcecode.swift; path = ServiceInteractor.swift; sourceTree = "<group>"; };
		ED8465222265FA16003523BC /* ServiceRouter.swift */ = {isa = PBXFileReference; lastKnownFileType = sourcecode.swift; path = ServiceRouter.swift; sourceTree = "<group>"; };
		ED8465232265FA16003523BC /* ServiceViewController.xib */ = {isa = PBXFileReference; lastKnownFileType = file.xib; path = ServiceViewController.xib; sourceTree = "<group>"; };
		ED8465242265FA16003523BC /* ServicePresenter.swift */ = {isa = PBXFileReference; lastKnownFileType = sourcecode.swift; path = ServicePresenter.swift; sourceTree = "<group>"; };
		EDAD8B7C223A574600F0BB43 /* AppConfiguration.swift */ = {isa = PBXFileReference; lastKnownFileType = sourcecode.swift; path = AppConfiguration.swift; sourceTree = "<group>"; };
		EDAD8C0D223A5FF200F0BB43 /* InitialViewModel.swift */ = {isa = PBXFileReference; lastKnownFileType = sourcecode.swift; path = InitialViewModel.swift; sourceTree = "<group>"; };
		EDAD8C0E223A5FF200F0BB43 /* InitialViewController.swift */ = {isa = PBXFileReference; lastKnownFileType = sourcecode.swift; path = InitialViewController.swift; sourceTree = "<group>"; };
		EDAD8C0F223A5FF200F0BB43 /* InitialAssembly.swift */ = {isa = PBXFileReference; lastKnownFileType = sourcecode.swift; path = InitialAssembly.swift; sourceTree = "<group>"; };
		EDAD8C10223A5FF200F0BB43 /* InitialInteractor.swift */ = {isa = PBXFileReference; lastKnownFileType = sourcecode.swift; path = InitialInteractor.swift; sourceTree = "<group>"; };
		EDAD8C11223A5FF200F0BB43 /* InitialRouter.swift */ = {isa = PBXFileReference; lastKnownFileType = sourcecode.swift; path = InitialRouter.swift; sourceTree = "<group>"; };
		EDAD8C12223A5FF200F0BB43 /* InitialViewController.xib */ = {isa = PBXFileReference; lastKnownFileType = file.xib; path = InitialViewController.xib; sourceTree = "<group>"; };
		EDAD8C13223A5FF200F0BB43 /* InitialPresenter.swift */ = {isa = PBXFileReference; lastKnownFileType = sourcecode.swift; path = InitialPresenter.swift; sourceTree = "<group>"; };
		EDAD8C23223A6DE800F0BB43 /* Playground.xcdatamodel */ = {isa = PBXFileReference; lastKnownFileType = wrapper.xcdatamodel; path = Playground.xcdatamodel; sourceTree = "<group>"; };
		EDAD8C27223A745500F0BB43 /* PhotoEntity.swift */ = {isa = PBXFileReference; lastKnownFileType = sourcecode.swift; path = PhotoEntity.swift; sourceTree = "<group>"; };
		EDAD8C29223A82C500F0BB43 /* AlbumRepository.swift */ = {isa = PBXFileReference; lastKnownFileType = sourcecode.swift; path = AlbumRepository.swift; sourceTree = "<group>"; };
		EDAD8C2F223A8E6200F0BB43 /* PlaygroundRepository.swift */ = {isa = PBXFileReference; lastKnownFileType = sourcecode.swift; path = PlaygroundRepository.swift; sourceTree = "<group>"; };
		EDAD8C35223B8E9700F0BB43 /* AlbumEntity.swift */ = {isa = PBXFileReference; lastKnownFileType = sourcecode.swift; path = AlbumEntity.swift; sourceTree = "<group>"; };
		EDAD8C3D223BA54600F0BB43 /* Album.swift */ = {isa = PBXFileReference; lastKnownFileType = sourcecode.swift; path = Album.swift; sourceTree = "<group>"; };
		EDAD8C3F223BBAD200F0BB43 /* Photo.swift */ = {isa = PBXFileReference; lastKnownFileType = sourcecode.swift; path = Photo.swift; sourceTree = "<group>"; };
		EDAD8C41223BBB5900F0BB43 /* AlbumUseCase.swift */ = {isa = PBXFileReference; lastKnownFileType = sourcecode.swift; path = AlbumUseCase.swift; sourceTree = "<group>"; };
		EDAD8C43223BBE0400F0BB43 /* AlbumResponse.swift */ = {isa = PBXFileReference; lastKnownFileType = sourcecode.swift; path = AlbumResponse.swift; sourceTree = "<group>"; };
		EDBD408D222FB5BE00ADD9A0 /* Test Playground.app */ = {isa = PBXFileReference; explicitFileType = wrapper.application; includeInIndex = 0; path = "Test Playground.app"; sourceTree = BUILT_PRODUCTS_DIR; };
		EDBD4090222FB5BE00ADD9A0 /* AppDelegate.swift */ = {isa = PBXFileReference; lastKnownFileType = sourcecode.swift; path = AppDelegate.swift; sourceTree = "<group>"; };
		EDBD4097222FB5C000ADD9A0 /* Assets.xcassets */ = {isa = PBXFileReference; lastKnownFileType = folder.assetcatalog; path = Assets.xcassets; sourceTree = "<group>"; };
		EDBD409A222FB5C000ADD9A0 /* Base */ = {isa = PBXFileReference; lastKnownFileType = file.storyboard; name = Base; path = Base.lproj/LaunchScreen.storyboard; sourceTree = "<group>"; };
		EDBD409C222FB5C000ADD9A0 /* Info.plist */ = {isa = PBXFileReference; lastKnownFileType = text.plist.xml; path = Info.plist; sourceTree = "<group>"; };
		EDBD40CA222FBAF500ADD9A0 /* BasicNavigationController.swift */ = {isa = PBXFileReference; lastKnownFileType = sourcecode.swift; path = BasicNavigationController.swift; sourceTree = "<group>"; };
		EDBD40CD222FBB6000ADD9A0 /* AppThemeManager.swift */ = {isa = PBXFileReference; lastKnownFileType = sourcecode.swift; path = AppThemeManager.swift; sourceTree = "<group>"; };
		EDBD40CF222FBB6D00ADD9A0 /* AppDefaults.swift */ = {isa = PBXFileReference; lastKnownFileType = sourcecode.swift; path = AppDefaults.swift; sourceTree = "<group>"; };
		EDBD40D7222FC93B00ADD9A0 /* PT Root UI_Regular.otf */ = {isa = PBXFileReference; lastKnownFileType = file; path = "PT Root UI_Regular.otf"; sourceTree = "<group>"; };
		EDBD40D8222FC93B00ADD9A0 /* PT Root UI_Light.otf */ = {isa = PBXFileReference; lastKnownFileType = file; path = "PT Root UI_Light.otf"; sourceTree = "<group>"; };
		EDBD40D9222FC93B00ADD9A0 /* PTRootUI.swift */ = {isa = PBXFileReference; fileEncoding = 4; lastKnownFileType = sourcecode.swift; path = PTRootUI.swift; sourceTree = "<group>"; };
		EDBD40DA222FC93B00ADD9A0 /* PT Root UI_Medium.otf */ = {isa = PBXFileReference; lastKnownFileType = file; path = "PT Root UI_Medium.otf"; sourceTree = "<group>"; };
		EDBD40DB222FC93B00ADD9A0 /* PT Root UI_Bold.otf */ = {isa = PBXFileReference; lastKnownFileType = file; path = "PT Root UI_Bold.otf"; sourceTree = "<group>"; };
		EDBD40E4222FCA2700ADD9A0 /* StyleWrapper.swift */ = {isa = PBXFileReference; fileEncoding = 4; lastKnownFileType = sourcecode.swift; path = StyleWrapper.swift; sourceTree = "<group>"; };
		EDBD40E5222FCA2700ADD9A0 /* Stylable.swift */ = {isa = PBXFileReference; fileEncoding = 4; lastKnownFileType = sourcecode.swift; path = Stylable.swift; sourceTree = "<group>"; };
		EDBD40E8222FCA9700ADD9A0 /* StyleWrapper+UILabel.swift */ = {isa = PBXFileReference; lastKnownFileType = sourcecode.swift; path = "StyleWrapper+UILabel.swift"; sourceTree = "<group>"; };
		EDBD40ED222FCE3100ADD9A0 /* ru */ = {isa = PBXFileReference; lastKnownFileType = text.plist.strings; name = ru; path = ru.lproj/LaunchScreen.strings; sourceTree = "<group>"; };
		EDBD40EF222FCE3D00ADD9A0 /* en */ = {isa = PBXFileReference; lastKnownFileType = text.plist.strings; name = en; path = en.lproj/Localizable.strings; sourceTree = "<group>"; };
		EDBD40F1222FCE3F00ADD9A0 /* ru */ = {isa = PBXFileReference; lastKnownFileType = text.plist.strings; name = ru; path = ru.lproj/Localizable.strings; sourceTree = "<group>"; };
		EDBD40F4222FCFF600ADD9A0 /* AppLocalizationManager.swift */ = {isa = PBXFileReference; lastKnownFileType = sourcecode.swift; path = AppLocalizationManager.swift; sourceTree = "<group>"; };
		EDBD40F6222FD01000ADD9A0 /* AppAssets.swift */ = {isa = PBXFileReference; lastKnownFileType = sourcecode.swift; path = AppAssets.swift; sourceTree = "<group>"; };
		EDBD40F8222FFBA000ADD9A0 /* AppTheme.swift */ = {isa = PBXFileReference; lastKnownFileType = sourcecode.swift; path = AppTheme.swift; sourceTree = "<group>"; };
		EDBD40FA222FFD5A00ADD9A0 /* Localizable.swift */ = {isa = PBXFileReference; lastKnownFileType = sourcecode.swift; path = Localizable.swift; sourceTree = "<group>"; };
		EDBD40FC2230098900ADD9A0 /* AppLocalization.swift */ = {isa = PBXFileReference; lastKnownFileType = sourcecode.swift; path = AppLocalization.swift; sourceTree = "<group>"; };
		EDD6326C2254AB1C007750AF /* AlbumRemoteRouter.swift */ = {isa = PBXFileReference; lastKnownFileType = sourcecode.swift; path = AlbumRemoteRouter.swift; sourceTree = "<group>"; };
		EDD6326E2254AB74007750AF /* AlbumLocalRouter.swift */ = {isa = PBXFileReference; lastKnownFileType = sourcecode.swift; path = AlbumLocalRouter.swift; sourceTree = "<group>"; };
		EDF808E8226F1BA400BDB753 /* AlbumItemCell.swift */ = {isa = PBXFileReference; lastKnownFileType = sourcecode.swift; path = AlbumItemCell.swift; sourceTree = "<group>"; };
		EDF808EA226F1BAC00BDB753 /* AlbumItemCell.xib */ = {isa = PBXFileReference; lastKnownFileType = file.xib; path = AlbumItemCell.xib; sourceTree = "<group>"; };
		EDF808EC226F1BC200BDB753 /* AlbumItemCellModel.swift */ = {isa = PBXFileReference; lastKnownFileType = sourcecode.swift; path = AlbumItemCellModel.swift; sourceTree = "<group>"; };
/* End PBXFileReference section */

/* Begin PBXFrameworksBuildPhase section */
		EDBD408A222FB5BE00ADD9A0 /* Frameworks */ = {
			isa = PBXFrameworksBuildPhase;
			buildActionMask = 2147483647;
			files = (
				D222715495285672E0473B14 /* Pods_Test_Playground.framework in Frameworks */,
			);
			runOnlyForDeploymentPostprocessing = 0;
		};
/* End PBXFrameworksBuildPhase section */

/* Begin PBXGroup section */
		2C1767578CFDB26FF4AB1DBD /* Pods */ = {
			isa = PBXGroup;
			children = (
				AA4A1A64ADE76D2B3010137E /* Pods-Test Playground.debug.xcconfig */,
				52534D87E093901861FA82C7 /* Pods-Test Playground.release.xcconfig */,
			);
			name = Pods;
			sourceTree = "<group>";
		};
		A89D9602D99B855A8F45A6BC /* Frameworks */ = {
			isa = PBXGroup;
			children = (
				1028CABEDD95EC2BFBDAEDC5 /* Pods_Test_Playground.framework */,
			);
			name = Frameworks;
			sourceTree = "<group>";
		};
		ED6D9D982296AFDE00671601 /* Test */ = {
			isa = PBXGroup;
			children = (
				ED6D9D9B2296B01200671601 /* TestAssembly.swift */,
				ED6D9D9C2296B01200671601 /* TestInteractor.swift */,
				ED6D9D9F2296B01200671601 /* TestPresenter.swift */,
				ED6D9D9D2296B01200671601 /* TestRouter.swift */,
				ED6D9D9A2296B01200671601 /* TestViewController.swift */,
				ED6D9D9E2296B01200671601 /* TestViewController.xib */,
				ED6D9D992296B01200671601 /* TestViewModel.swift */,
			);
			path = Test;
			sourceTree = "<group>";
		};
		ED8464E722648FA2003523BC /* Navigation Controller */ = {
			isa = PBXGroup;
			children = (
				EDBD40CA222FBAF500ADD9A0 /* BasicNavigationController.swift */,
			);
			path = "Navigation Controller";
			sourceTree = "<group>";
		};
		ED8464E822648FB4003523BC /* TabBar Controller */ = {
			isa = PBXGroup;
			children = (
				ED8465192264CC66003523BC /* BasicTabBarAssembly.swift */,
				ED84651B2264CC7E003523BC /* BasicTabBarViewModel.swift */,
			);
			path = "TabBar Controller";
			sourceTree = "<group>";
		};
		ED8464EB2264980A003523BC /* Models */ = {
			isa = PBXGroup;
			children = (
				EDAD8C3D223BA54600F0BB43 /* Album.swift */,
			);
			path = Models;
			sourceTree = "<group>";
		};
		ED8464EC22649813003523BC /* Models */ = {
			isa = PBXGroup;
			children = (
				EDAD8C3F223BBAD200F0BB43 /* Photo.swift */,
			);
			path = Models;
			sourceTree = "<group>";
		};
		ED84651D2265FA08003523BC /* Service */ = {
			isa = PBXGroup;
			children = (
				ED8465202265FA16003523BC /* ServiceAssembly.swift */,
				ED8465212265FA16003523BC /* ServiceInteractor.swift */,
				ED8465242265FA16003523BC /* ServicePresenter.swift */,
				ED8465222265FA16003523BC /* ServiceRouter.swift */,
				ED84651F2265FA16003523BC /* ServiceViewController.swift */,
				ED8465232265FA16003523BC /* ServiceViewController.xib */,
				ED84651E2265FA16003523BC /* ServiceViewModel.swift */,
			);
			path = Service;
			sourceTree = "<group>";
		};
		EDAD8B7E223A5A1800F0BB43 /* Remote */ = {
			isa = PBXGroup;
			children = (
				EDAD8B80223A5A2700F0BB43 /* List */,
				EDAD8B81223A5A3100F0BB43 /* Detail */,
			);
			path = Remote;
			sourceTree = "<group>";
		};
		EDAD8B7F223A5A2000F0BB43 /* Local */ = {
			isa = PBXGroup;
			children = (
				ED6D9D982296AFDE00671601 /* Test */,
				EDAD8B82223A5A4900F0BB43 /* List */,
				EDAD8B83223A5A5000F0BB43 /* Detail */,
			);
			path = Local;
			sourceTree = "<group>";
		};
		EDAD8B80223A5A2700F0BB43 /* List */ = {
			isa = PBXGroup;
			children = (
				ED8464F122649853003523BC /* RemoteListAssembly.swift */,
				ED8464F222649853003523BC /* RemoteListInteractor.swift */,
				ED8464F522649853003523BC /* RemoteListPresenter.swift */,
				ED8464F322649853003523BC /* RemoteListRouter.swift */,
				ED8464F022649853003523BC /* RemoteListViewController.swift */,
				ED8464F422649853003523BC /* RemoteListViewController.xib */,
				ED8464EF22649853003523BC /* RemoteListViewModel.swift */,
			);
			path = List;
			sourceTree = "<group>";
		};
		EDAD8B81223A5A3100F0BB43 /* Detail */ = {
			isa = PBXGroup;
			children = (
			);
			path = Detail;
			sourceTree = "<group>";
		};
		EDAD8B82223A5A4900F0BB43 /* List */ = {
			isa = PBXGroup;
			children = (
				ED8464FF22649876003523BC /* LocalListAssembly.swift */,
				ED84650022649876003523BC /* LocalListInteractor.swift */,
				ED84650322649876003523BC /* LocalListPresenter.swift */,
				ED84650122649876003523BC /* LocalListRouter.swift */,
				ED8464FE22649876003523BC /* LocalListViewController.swift */,
				ED84650222649876003523BC /* LocalListViewController.xib */,
				ED8464FD22649876003523BC /* LocalListViewModel.swift */,
			);
			path = List;
			sourceTree = "<group>";
		};
		EDAD8B83223A5A5000F0BB43 /* Detail */ = {
			isa = PBXGroup;
			children = (
			);
			path = Detail;
			sourceTree = "<group>";
		};
		EDAD8C0C223A5FE300F0BB43 /* Initial */ = {
			isa = PBXGroup;
			children = (
				EDAD8C0F223A5FF200F0BB43 /* InitialAssembly.swift */,
				EDAD8C12223A5FF200F0BB43 /* InitialViewController.xib */,
				EDAD8C0E223A5FF200F0BB43 /* InitialViewController.swift */,
				EDAD8C10223A5FF200F0BB43 /* InitialInteractor.swift */,
				EDAD8C13223A5FF200F0BB43 /* InitialPresenter.swift */,
				EDAD8C0D223A5FF200F0BB43 /* InitialViewModel.swift */,
				EDAD8C11223A5FF200F0BB43 /* InitialRouter.swift */,
			);
			path = Initial;
			sourceTree = "<group>";
		};
		EDAD8C1B223A6BCB00F0BB43 /* 🧠 Data Layer */ = {
			isa = PBXGroup;
			children = (
				EDAD8C22223A6DE800F0BB43 /* Playground.xcdatamodeld */,
				EDAD8C2F223A8E6200F0BB43 /* PlaygroundRepository.swift */,
				EDAD8C20223A6DA500F0BB43 /* Album */,
				EDAD8C21223A6DAD00F0BB43 /* Photo */,
			);
			path = "🧠 Data Layer";
			sourceTree = "<group>";
		};
		EDAD8C1C223A6BD600F0BB43 /* 🧩 Domain Layer */ = {
			isa = PBXGroup;
			children = (
				EDAD8C1E223A6D8200F0BB43 /* Album */,
				EDAD8C1F223A6D9900F0BB43 /* Photo */,
			);
			path = "🧩 Domain Layer";
			sourceTree = "<group>";
		};
		EDAD8C1D223A6D1C00F0BB43 /* 🤖 Service Layer */ = {
			isa = PBXGroup;
			children = (
			);
			path = "🤖 Service Layer";
			sourceTree = "<group>";
		};
		EDAD8C1E223A6D8200F0BB43 /* Album */ = {
			isa = PBXGroup;
			children = (
				EDAD8C41223BBB5900F0BB43 /* AlbumUseCase.swift */,
				ED8464ED22649829003523BC /* AlbumByIdUseCase.swift */,
				ED8464EB2264980A003523BC /* Models */,
			);
			path = Album;
			sourceTree = "<group>";
		};
		EDAD8C1F223A6D9900F0BB43 /* Photo */ = {
			isa = PBXGroup;
			children = (
				ED8464EC22649813003523BC /* Models */,
			);
			path = Photo;
			sourceTree = "<group>";
		};
		EDAD8C20223A6DA500F0BB43 /* Album */ = {
			isa = PBXGroup;
			children = (
				EDAD8C29223A82C500F0BB43 /* AlbumRepository.swift */,
				EDD632702254AB83007750AF /* Models */,
				EDD632712254AB96007750AF /* Routers */,
			);
			path = Album;
			sourceTree = "<group>";
		};
		EDAD8C21223A6DAD00F0BB43 /* Photo */ = {
			isa = PBXGroup;
			children = (
				EDD632722254B581007750AF /* Models */,
				EDD632732254B587007750AF /* Routers */,
			);
			path = Photo;
			sourceTree = "<group>";
		};
		EDBD4084222FB5BE00ADD9A0 = {
			isa = PBXGroup;
			children = (
				EDBD408F222FB5BE00ADD9A0 /* Test Playground */,
				EDBD408E222FB5BE00ADD9A0 /* Products */,
				2C1767578CFDB26FF4AB1DBD /* Pods */,
				A89D9602D99B855A8F45A6BC /* Frameworks */,
			);
			sourceTree = "<group>";
		};
		EDBD408E222FB5BE00ADD9A0 /* Products */ = {
			isa = PBXGroup;
			children = (
				EDBD408D222FB5BE00ADD9A0 /* Test Playground.app */,
			);
			name = Products;
			sourceTree = "<group>";
		};
		EDBD408F222FB5BE00ADD9A0 /* Test Playground */ = {
			isa = PBXGroup;
			children = (
				EDBD40C9222FB7BF00ADD9A0 /* 👑 Application Layer */,
				EDAD8C1B223A6BCB00F0BB43 /* 🧠 Data Layer */,
				EDAD8C1C223A6BD600F0BB43 /* 🧩 Domain Layer */,
				EDBD40C2222FB65000ADD9A0 /* 🌟 Presentation Layer */,
				EDAD8C1D223A6D1C00F0BB43 /* 🤖 Service Layer */,
			);
			path = "Test Playground";
			sourceTree = "<group>";
		};
		EDBD40C2222FB65000ADD9A0 /* 🌟 Presentation Layer */ = {
			isa = PBXGroup;
			children = (
				EDBD40C5222FB68100ADD9A0 /* Navigation */,
				EDBD40C4222FB67900ADD9A0 /* Components */,
				EDBD40C3222FB66300ADD9A0 /* User Stories */,
			);
			path = "🌟 Presentation Layer";
			sourceTree = "<group>";
		};
		EDBD40C3222FB66300ADD9A0 /* User Stories */ = {
			isa = PBXGroup;
			children = (
				EDAD8C0C223A5FE300F0BB43 /* Initial */,
				EDAD8B7F223A5A2000F0BB43 /* Local */,
				EDAD8B7E223A5A1800F0BB43 /* Remote */,
				ED84651D2265FA08003523BC /* Service */,
				EDBD40EA222FCAEC00ADD9A0 /* Settings */,
			);
			path = "User Stories";
			sourceTree = "<group>";
		};
		EDBD40C4222FB67900ADD9A0 /* Components */ = {
			isa = PBXGroup;
			children = (
				EDBD40C6222FB68B00ADD9A0 /* Custom */,
				EDBD40C8222FB69D00ADD9A0 /* Cells */,
			);
			path = Components;
			sourceTree = "<group>";
		};
		EDBD40C5222FB68100ADD9A0 /* Navigation */ = {
			isa = PBXGroup;
			children = (
				ED8464E722648FA2003523BC /* Navigation Controller */,
				ED8464E822648FB4003523BC /* TabBar Controller */,
			);
			path = Navigation;
			sourceTree = "<group>";
		};
		EDBD40C6222FB68B00ADD9A0 /* Custom */ = {
			isa = PBXGroup;
			children = (
			);
			path = Custom;
			sourceTree = "<group>";
		};
		EDBD40C8222FB69D00ADD9A0 /* Cells */ = {
			isa = PBXGroup;
			children = (
				EDF808E7226F1B9200BDB753 /* Album Item */,
			);
			path = Cells;
			sourceTree = "<group>";
		};
		EDBD40C9222FB7BF00ADD9A0 /* 👑 Application Layer */ = {
			isa = PBXGroup;
			children = (
				EDAD8B7C223A574600F0BB43 /* AppConfiguration.swift */,
				EDBD40CF222FBB6D00ADD9A0 /* AppDefaults.swift */,
				EDBD4090222FB5BE00ADD9A0 /* AppDelegate.swift */,
				ED8464E922649078003523BC /* AppManager.swift */,
				EDBD409C222FB5C000ADD9A0 /* Info.plist */,
				EDBD4099222FB5C000ADD9A0 /* LaunchScreen.storyboard */,
				EDBD40CC222FBB2B00ADD9A0 /* Resources */,
			);
			path = "👑 Application Layer";
			sourceTree = "<group>";
		};
		EDBD40CC222FBB2B00ADD9A0 /* Resources */ = {
			isa = PBXGroup;
			children = (
				EDBD40D3222FC7DB00ADD9A0 /* Assets */,
				EDBD40D4222FC7F400ADD9A0 /* Localization */,
				EDBD40D2222FC3CA00ADD9A0 /* Style */,
			);
			path = Resources;
			sourceTree = "<group>";
		};
		EDBD40D2222FC3CA00ADD9A0 /* Style */ = {
			isa = PBXGroup;
			children = (
				EDBD40F8222FFBA000ADD9A0 /* AppTheme.swift */,
				EDBD40CD222FBB6000ADD9A0 /* AppThemeManager.swift */,
				EDBD40D5222FC84600ADD9A0 /* Fonts */,
				EDBD40E1222FC9DF00ADD9A0 /* Components */,
			);
			path = Style;
			sourceTree = "<group>";
		};
		EDBD40D3222FC7DB00ADD9A0 /* Assets */ = {
			isa = PBXGroup;
			children = (
				EDBD40F6222FD01000ADD9A0 /* AppAssets.swift */,
				EDBD4097222FB5C000ADD9A0 /* Assets.xcassets */,
			);
			path = Assets;
			sourceTree = "<group>";
		};
		EDBD40D4222FC7F400ADD9A0 /* Localization */ = {
			isa = PBXGroup;
			children = (
				EDBD40FC2230098900ADD9A0 /* AppLocalization.swift */,
				EDBD40F4222FCFF600ADD9A0 /* AppLocalizationManager.swift */,
				EDBD40F0222FCE3D00ADD9A0 /* Localizable.strings */,
				EDBD40FA222FFD5A00ADD9A0 /* Localizable.swift */,
			);
			path = Localization;
			sourceTree = "<group>";
		};
		EDBD40D5222FC84600ADD9A0 /* Fonts */ = {
			isa = PBXGroup;
			children = (
				EDBD40D6222FC92B00ADD9A0 /* PTRootUI */,
			);
			path = Fonts;
			sourceTree = "<group>";
		};
		EDBD40D6222FC92B00ADD9A0 /* PTRootUI */ = {
			isa = PBXGroup;
			children = (
				EDBD40D9222FC93B00ADD9A0 /* PTRootUI.swift */,
				EDBD40D8222FC93B00ADD9A0 /* PT Root UI_Light.otf */,
				EDBD40D7222FC93B00ADD9A0 /* PT Root UI_Regular.otf */,
				EDBD40DA222FC93B00ADD9A0 /* PT Root UI_Medium.otf */,
				EDBD40DB222FC93B00ADD9A0 /* PT Root UI_Bold.otf */,
			);
			path = PTRootUI;
			sourceTree = "<group>";
		};
		EDBD40E1222FC9DF00ADD9A0 /* Components */ = {
			isa = PBXGroup;
			children = (
				EDBD40E5222FCA2700ADD9A0 /* Stylable.swift */,
				EDBD40E4222FCA2700ADD9A0 /* StyleWrapper.swift */,
				EDBD40E8222FCA9700ADD9A0 /* StyleWrapper+UILabel.swift */,
			);
			path = Components;
			sourceTree = "<group>";
		};
		EDBD40EA222FCAEC00ADD9A0 /* Settings */ = {
			isa = PBXGroup;
			children = (
				ED84650D226498A0003523BC /* SettingsAssembly.swift */,
				ED84650E226498A0003523BC /* SettingsInteractor.swift */,
				ED846511226498A0003523BC /* SettingsPresenter.swift */,
				ED84650F226498A0003523BC /* SettingsRouter.swift */,
				ED84650C226498A0003523BC /* SettingsViewController.swift */,
				ED846510226498A0003523BC /* SettingsViewController.xib */,
				ED84650B226498A0003523BC /* SettingsViewModel.swift */,
			);
			path = Settings;
			sourceTree = "<group>";
		};
		EDD632702254AB83007750AF /* Models */ = {
			isa = PBXGroup;
			children = (
				EDAD8C35223B8E9700F0BB43 /* AlbumEntity.swift */,
				EDAD8C43223BBE0400F0BB43 /* AlbumResponse.swift */,
			);
			path = Models;
			sourceTree = "<group>";
		};
		EDD632712254AB96007750AF /* Routers */ = {
			isa = PBXGroup;
			children = (
				EDD6326E2254AB74007750AF /* AlbumLocalRouter.swift */,
				EDD6326C2254AB1C007750AF /* AlbumRemoteRouter.swift */,
			);
			path = Routers;
			sourceTree = "<group>";
		};
		EDD632722254B581007750AF /* Models */ = {
			isa = PBXGroup;
			children = (
				EDAD8C27223A745500F0BB43 /* PhotoEntity.swift */,
			);
			path = Models;
			sourceTree = "<group>";
		};
		EDD632732254B587007750AF /* Routers */ = {
			isa = PBXGroup;
			children = (
			);
			path = Routers;
			sourceTree = "<group>";
		};
		EDF808E7226F1B9200BDB753 /* Album Item */ = {
			isa = PBXGroup;
			children = (
				EDF808E8226F1BA400BDB753 /* AlbumItemCell.swift */,
				EDF808EA226F1BAC00BDB753 /* AlbumItemCell.xib */,
				EDF808EC226F1BC200BDB753 /* AlbumItemCellModel.swift */,
			);
			path = "Album Item";
			sourceTree = "<group>";
		};
/* End PBXGroup section */

/* Begin PBXNativeTarget section */
		EDBD408C222FB5BE00ADD9A0 /* Test Playground */ = {
			isa = PBXNativeTarget;
			buildConfigurationList = EDBD409F222FB5C000ADD9A0 /* Build configuration list for PBXNativeTarget "Test Playground" */;
			buildPhases = (
				29E32626C94AD5F76A0BAB42 /* [CP] Check Pods Manifest.lock */,
				EDBD4089222FB5BE00ADD9A0 /* Sources */,
				EDBD408A222FB5BE00ADD9A0 /* Frameworks */,
				EDBD408B222FB5BE00ADD9A0 /* Resources */,
				EDBD40D1222FBEA000ADD9A0 /* ShellScript */,
				3437F1EE41D4E55D1BA0D799 /* [CP] Embed Pods Frameworks */,
			);
			buildRules = (
			);
			dependencies = (
			);
			name = "Test Playground";
			productName = "Test Playground";
			productReference = EDBD408D222FB5BE00ADD9A0 /* Test Playground.app */;
			productType = "com.apple.product-type.application";
		};
/* End PBXNativeTarget section */

/* Begin PBXProject section */
		EDBD4085222FB5BE00ADD9A0 /* Project object */ = {
			isa = PBXProject;
			attributes = {
				LastSwiftUpdateCheck = 1010;
				LastUpgradeCheck = 1010;
				TargetAttributes = {
					EDBD408C222FB5BE00ADD9A0 = {
						CreatedOnToolsVersion = 10.1;
						LastSwiftMigration = 1020;
					};
				};
			};
			buildConfigurationList = EDBD4088222FB5BE00ADD9A0 /* Build configuration list for PBXProject "Test Playground" */;
			compatibilityVersion = "Xcode 9.3";
			developmentRegion = en;
			hasScannedForEncodings = 0;
			knownRegions = (
				en,
				Base,
				ru,
				"zh-Hans",
			);
			mainGroup = EDBD4084222FB5BE00ADD9A0;
			productRefGroup = EDBD408E222FB5BE00ADD9A0 /* Products */;
			projectDirPath = "";
			projectRoot = "";
			targets = (
				EDBD408C222FB5BE00ADD9A0 /* Test Playground */,
			);
		};
/* End PBXProject section */

/* Begin PBXResourcesBuildPhase section */
		EDBD408B222FB5BE00ADD9A0 /* Resources */ = {
			isa = PBXResourcesBuildPhase;
			buildActionMask = 2147483647;
			files = (
				EDBD40E0222FC93B00ADD9A0 /* PT Root UI_Bold.otf in Resources */,
				EDBD409B222FB5C000ADD9A0 /* LaunchScreen.storyboard in Resources */,
				EDF808EB226F1BAC00BDB753 /* AlbumItemCell.xib in Resources */,
				ED84652A2265FA16003523BC /* ServiceViewController.xib in Resources */,
				ED846517226498A0003523BC /* SettingsViewController.xib in Resources */,
				EDBD40DC222FC93B00ADD9A0 /* PT Root UI_Regular.otf in Resources */,
				EDBD40DD222FC93B00ADD9A0 /* PT Root UI_Light.otf in Resources */,
				EDBD40EE222FCE3D00ADD9A0 /* Localizable.strings in Resources */,
				EDBD4098222FB5C000ADD9A0 /* Assets.xcassets in Resources */,
				EDBD40DF222FC93B00ADD9A0 /* PT Root UI_Medium.otf in Resources */,
				ED8464FB22649853003523BC /* RemoteListViewController.xib in Resources */,
				ED84650922649876003523BC /* LocalListViewController.xib in Resources */,
				ED6D9DA52296B01200671601 /* TestViewController.xib in Resources */,
				EDAD8C19223A5FF200F0BB43 /* InitialViewController.xib in Resources */,
			);
			runOnlyForDeploymentPostprocessing = 0;
		};
/* End PBXResourcesBuildPhase section */

/* Begin PBXShellScriptBuildPhase section */
		29E32626C94AD5F76A0BAB42 /* [CP] Check Pods Manifest.lock */ = {
			isa = PBXShellScriptBuildPhase;
			buildActionMask = 2147483647;
			files = (
			);
			inputPaths = (
				"${PODS_PODFILE_DIR_PATH}/Podfile.lock",
				"${PODS_ROOT}/Manifest.lock",
			);
			name = "[CP] Check Pods Manifest.lock";
			outputPaths = (
				"$(DERIVED_FILE_DIR)/Pods-Test Playground-checkManifestLockResult.txt",
			);
			runOnlyForDeploymentPostprocessing = 0;
			shellPath = /bin/sh;
			shellScript = "diff \"${PODS_PODFILE_DIR_PATH}/Podfile.lock\" \"${PODS_ROOT}/Manifest.lock\" > /dev/null\nif [ $? != 0 ] ; then\n    # print error to STDERR\n    echo \"error: The sandbox is not in sync with the Podfile.lock. Run 'pod install' or update your CocoaPods installation.\" >&2\n    exit 1\nfi\n# This output is used by Xcode 'outputs' to avoid re-running this script phase.\necho \"SUCCESS\" > \"${SCRIPT_OUTPUT_FILE_0}\"\n";
			showEnvVarsInLog = 0;
		};
		3437F1EE41D4E55D1BA0D799 /* [CP] Embed Pods Frameworks */ = {
			isa = PBXShellScriptBuildPhase;
			buildActionMask = 2147483647;
			files = (
			);
			inputFileListPaths = (
			);
			inputPaths = (
				"${PODS_ROOT}/Target Support Files/Pods-Test Playground/Pods-Test Playground-frameworks.sh",
				"${BUILT_PRODUCTS_DIR}/GKCoreData/GKCoreData.framework",
				"${BUILT_PRODUCTS_DIR}/GKExtensions/GKExtensions.framework",
				"${BUILT_PRODUCTS_DIR}/GKNetwork/GKNetwork.framework",
				"${BUILT_PRODUCTS_DIR}/GKRepresentable/GKRepresentable.framework",
				"${BUILT_PRODUCTS_DIR}/GKUseCase/GKUseCase.framework",
				"${BUILT_PRODUCTS_DIR}/GKViper/GKViper.framework",
				"${BUILT_PRODUCTS_DIR}/Kingfisher/Kingfisher.framework",
			);
			name = "[CP] Embed Pods Frameworks";
			outputFileListPaths = (
			);
			outputPaths = (
				"${TARGET_BUILD_DIR}/${FRAMEWORKS_FOLDER_PATH}/GKCoreData.framework",
				"${TARGET_BUILD_DIR}/${FRAMEWORKS_FOLDER_PATH}/GKExtensions.framework",
				"${TARGET_BUILD_DIR}/${FRAMEWORKS_FOLDER_PATH}/GKNetwork.framework",
				"${TARGET_BUILD_DIR}/${FRAMEWORKS_FOLDER_PATH}/GKRepresentable.framework",
				"${TARGET_BUILD_DIR}/${FRAMEWORKS_FOLDER_PATH}/GKUseCase.framework",
				"${TARGET_BUILD_DIR}/${FRAMEWORKS_FOLDER_PATH}/GKViper.framework",
				"${TARGET_BUILD_DIR}/${FRAMEWORKS_FOLDER_PATH}/Kingfisher.framework",
			);
			runOnlyForDeploymentPostprocessing = 0;
			shellPath = /bin/sh;
			shellScript = "\"${PODS_ROOT}/Target Support Files/Pods-Test Playground/Pods-Test Playground-frameworks.sh\"\n";
			showEnvVarsInLog = 0;
		};
		EDBD40D1222FBEA000ADD9A0 /* ShellScript */ = {
			isa = PBXShellScriptBuildPhase;
			buildActionMask = 2147483647;
			files = (
			);
			inputPaths = (
			);
			outputPaths = (
			);
			runOnlyForDeploymentPostprocessing = 0;
			shellPath = /bin/sh;
			shellScript = "if which swiftlint >/dev/null; then\nswiftlint\nelse\necho \"warning: SwiftLint not installed, download from https://github.com/realm/SwiftLint\"\nfi\n";
		};
/* End PBXShellScriptBuildPhase section */

/* Begin PBXSourcesBuildPhase section */
		EDBD4089222FB5BE00ADD9A0 /* Sources */ = {
			isa = PBXSourcesBuildPhase;
			buildActionMask = 2147483647;
			files = (
				EDBD40E9222FCA9700ADD9A0 /* StyleWrapper+UILabel.swift in Sources */,
				EDAD8C40223BBAD200F0BB43 /* Photo.swift in Sources */,
				EDBD40F7222FD01000ADD9A0 /* AppAssets.swift in Sources */,
				ED846515226498A0003523BC /* SettingsInteractor.swift in Sources */,
				EDAD8C18223A5FF200F0BB43 /* InitialRouter.swift in Sources */,
				EDBD40CB222FBAF500ADD9A0 /* BasicNavigationController.swift in Sources */,
				ED846518226498A0003523BC /* SettingsPresenter.swift in Sources */,
				ED6D9DA12296B01200671601 /* TestViewController.swift in Sources */,
				ED84650A22649876003523BC /* LocalListPresenter.swift in Sources */,
				ED6D9DA32296B01200671601 /* TestInteractor.swift in Sources */,
				EDAD8C42223BBB5900F0BB43 /* AlbumUseCase.swift in Sources */,
				EDD6326D2254AB1C007750AF /* AlbumRemoteRouter.swift in Sources */,
				ED84650622649876003523BC /* LocalListAssembly.swift in Sources */,
				EDAD8C1A223A5FF200F0BB43 /* InitialPresenter.swift in Sources */,
				ED6D9DA22296B01200671601 /* TestAssembly.swift in Sources */,
				EDBD40FB222FFD5A00ADD9A0 /* Localizable.swift in Sources */,
				EDAD8C16223A5FF200F0BB43 /* InitialAssembly.swift in Sources */,
				ED8465292265FA16003523BC /* ServiceRouter.swift in Sources */,
				EDD6326F2254AB74007750AF /* AlbumLocalRouter.swift in Sources */,
				ED84652B2265FA16003523BC /* ServicePresenter.swift in Sources */,
				ED8464FC22649853003523BC /* RemoteListPresenter.swift in Sources */,
				EDF808E9226F1BA400BDB753 /* AlbumItemCell.swift in Sources */,
				ED8465252265FA16003523BC /* ServiceViewModel.swift in Sources */,
				ED8465272265FA16003523BC /* ServiceAssembly.swift in Sources */,
				EDAD8C2A223A82C500F0BB43 /* AlbumRepository.swift in Sources */,
				ED6D9DA02296B01200671601 /* TestViewModel.swift in Sources */,
				EDBD40FD2230098900ADD9A0 /* AppLocalization.swift in Sources */,
				EDAD8C17223A5FF200F0BB43 /* InitialInteractor.swift in Sources */,
				ED8464F622649853003523BC /* RemoteListViewModel.swift in Sources */,
				ED8464F722649853003523BC /* RemoteListViewController.swift in Sources */,
				ED846516226498A0003523BC /* SettingsRouter.swift in Sources */,
				ED846512226498A0003523BC /* SettingsViewModel.swift in Sources */,
				EDAD8C3E223BA54600F0BB43 /* Album.swift in Sources */,
				EDBD40F9222FFBA000ADD9A0 /* AppTheme.swift in Sources */,
				ED846513226498A0003523BC /* SettingsViewController.swift in Sources */,
				ED8464EE22649829003523BC /* AlbumByIdUseCase.swift in Sources */,
				ED8465262265FA16003523BC /* ServiceViewController.swift in Sources */,
				ED6D9DA62296B01200671601 /* TestPresenter.swift in Sources */,
				ED8465282265FA16003523BC /* ServiceInteractor.swift in Sources */,
				ED6D9DA42296B01200671601 /* TestRouter.swift in Sources */,
				EDAD8C28223A745500F0BB43 /* PhotoEntity.swift in Sources */,
				ED8464EA22649078003523BC /* AppManager.swift in Sources */,
				EDBD40E7222FCA2700ADD9A0 /* Stylable.swift in Sources */,
				EDBD40F5222FCFF600ADD9A0 /* AppLocalizationManager.swift in Sources */,
				ED84650722649876003523BC /* LocalListInteractor.swift in Sources */,
				ED8464F822649853003523BC /* RemoteListAssembly.swift in Sources */,
				ED846514226498A0003523BC /* SettingsAssembly.swift in Sources */,
				EDAD8C24223A6DE800F0BB43 /* Playground.xcdatamodeld in Sources */,
				EDBD40E6222FCA2700ADD9A0 /* StyleWrapper.swift in Sources */,
				EDBD40D0222FBB6D00ADD9A0 /* AppDefaults.swift in Sources */,
				EDAD8C44223BBE0400F0BB43 /* AlbumResponse.swift in Sources */,
				ED84651C2264CC7E003523BC /* BasicTabBarViewModel.swift in Sources */,
				ED84650522649876003523BC /* LocalListViewController.swift in Sources */,
				ED84650822649876003523BC /* LocalListRouter.swift in Sources */,
				EDBD40CE222FBB6000ADD9A0 /* AppThemeManager.swift in Sources */,
				ED8464FA22649853003523BC /* RemoteListRouter.swift in Sources */,
				ED8464F922649853003523BC /* RemoteListInteractor.swift in Sources */,
				EDAD8C14223A5FF200F0BB43 /* InitialViewModel.swift in Sources */,
				EDAD8C30223A8E6200F0BB43 /* PlaygroundRepository.swift in Sources */,
				EDAD8C37223B8E9700F0BB43 /* AlbumEntity.swift in Sources */,
				EDBD4091222FB5BE00ADD9A0 /* AppDelegate.swift in Sources */,
				EDBD40DE222FC93B00ADD9A0 /* PTRootUI.swift in Sources */,
				ED84651A2264CC66003523BC /* BasicTabBarAssembly.swift in Sources */,
				ED84650422649876003523BC /* LocalListViewModel.swift in Sources */,
				EDF808ED226F1BC200BDB753 /* AlbumItemCellModel.swift in Sources */,
				EDAD8C15223A5FF200F0BB43 /* InitialViewController.swift in Sources */,
				EDAD8B7D223A574600F0BB43 /* AppConfiguration.swift in Sources */,
			);
			runOnlyForDeploymentPostprocessing = 0;
		};
/* End PBXSourcesBuildPhase section */

/* Begin PBXVariantGroup section */
		EDBD4099222FB5C000ADD9A0 /* LaunchScreen.storyboard */ = {
			isa = PBXVariantGroup;
			children = (
				EDBD409A222FB5C000ADD9A0 /* Base */,
				EDBD40ED222FCE3100ADD9A0 /* ru */,
				ED6D9D962296AA9900671601 /* zh-Hans */,
			);
			name = LaunchScreen.storyboard;
			sourceTree = "<group>";
		};
		EDBD40F0222FCE3D00ADD9A0 /* Localizable.strings */ = {
			isa = PBXVariantGroup;
			children = (
				EDBD40EF222FCE3D00ADD9A0 /* en */,
				EDBD40F1222FCE3F00ADD9A0 /* ru */,
				ED6D9D972296AA9B00671601 /* zh-Hans */,
			);
			name = Localizable.strings;
			sourceTree = "<group>";
		};
/* End PBXVariantGroup section */

/* Begin XCBuildConfiguration section */
		EDBD409D222FB5C000ADD9A0 /* Debug */ = {
			isa = XCBuildConfiguration;
			buildSettings = {
				ALWAYS_SEARCH_USER_PATHS = NO;
				CLANG_ANALYZER_LOCALIZABILITY_NONLOCALIZED = YES;
				CLANG_ANALYZER_NONNULL = YES;
				CLANG_ANALYZER_NUMBER_OBJECT_CONVERSION = YES_AGGRESSIVE;
				CLANG_CXX_LANGUAGE_STANDARD = "gnu++14";
				CLANG_CXX_LIBRARY = "libc++";
				CLANG_ENABLE_MODULES = YES;
				CLANG_ENABLE_OBJC_ARC = YES;
				CLANG_ENABLE_OBJC_WEAK = YES;
				CLANG_WARN_BLOCK_CAPTURE_AUTORELEASING = YES;
				CLANG_WARN_BOOL_CONVERSION = YES;
				CLANG_WARN_COMMA = YES;
				CLANG_WARN_CONSTANT_CONVERSION = YES;
				CLANG_WARN_DEPRECATED_OBJC_IMPLEMENTATIONS = YES;
				CLANG_WARN_DIRECT_OBJC_ISA_USAGE = YES_ERROR;
				CLANG_WARN_DOCUMENTATION_COMMENTS = YES;
				CLANG_WARN_EMPTY_BODY = YES;
				CLANG_WARN_ENUM_CONVERSION = YES;
				CLANG_WARN_INFINITE_RECURSION = YES;
				CLANG_WARN_INT_CONVERSION = YES;
				CLANG_WARN_NON_LITERAL_NULL_CONVERSION = YES;
				CLANG_WARN_OBJC_IMPLICIT_RETAIN_SELF = YES;
				CLANG_WARN_OBJC_LITERAL_CONVERSION = YES;
				CLANG_WARN_OBJC_ROOT_CLASS = YES_ERROR;
				CLANG_WARN_RANGE_LOOP_ANALYSIS = YES;
				CLANG_WARN_STRICT_PROTOTYPES = YES;
				CLANG_WARN_SUSPICIOUS_MOVE = YES;
				CLANG_WARN_UNGUARDED_AVAILABILITY = YES_AGGRESSIVE;
				CLANG_WARN_UNREACHABLE_CODE = YES;
				CLANG_WARN__DUPLICATE_METHOD_MATCH = YES;
				CODE_SIGN_IDENTITY = "iPhone Developer";
				COPY_PHASE_STRIP = NO;
				DEBUG_INFORMATION_FORMAT = dwarf;
				ENABLE_STRICT_OBJC_MSGSEND = YES;
				ENABLE_TESTABILITY = YES;
				GCC_C_LANGUAGE_STANDARD = gnu11;
				GCC_DYNAMIC_NO_PIC = NO;
				GCC_NO_COMMON_BLOCKS = YES;
				GCC_OPTIMIZATION_LEVEL = 0;
				GCC_PREPROCESSOR_DEFINITIONS = (
					"DEBUG=1",
					"$(inherited)",
				);
				GCC_WARN_64_TO_32_BIT_CONVERSION = YES;
				GCC_WARN_ABOUT_RETURN_TYPE = YES_ERROR;
				GCC_WARN_UNDECLARED_SELECTOR = YES;
				GCC_WARN_UNINITIALIZED_AUTOS = YES_AGGRESSIVE;
				GCC_WARN_UNUSED_FUNCTION = YES;
				GCC_WARN_UNUSED_VARIABLE = YES;
				IPHONEOS_DEPLOYMENT_TARGET = 12.1;
				MTL_ENABLE_DEBUG_INFO = INCLUDE_SOURCE;
				MTL_FAST_MATH = YES;
				ONLY_ACTIVE_ARCH = YES;
				SDKROOT = iphoneos;
				SWIFT_ACTIVE_COMPILATION_CONDITIONS = DEBUG;
				SWIFT_OPTIMIZATION_LEVEL = "-Onone";
			};
			name = Debug;
		};
		EDBD409E222FB5C000ADD9A0 /* Release */ = {
			isa = XCBuildConfiguration;
			buildSettings = {
				ALWAYS_SEARCH_USER_PATHS = NO;
				CLANG_ANALYZER_LOCALIZABILITY_NONLOCALIZED = YES;
				CLANG_ANALYZER_NONNULL = YES;
				CLANG_ANALYZER_NUMBER_OBJECT_CONVERSION = YES_AGGRESSIVE;
				CLANG_CXX_LANGUAGE_STANDARD = "gnu++14";
				CLANG_CXX_LIBRARY = "libc++";
				CLANG_ENABLE_MODULES = YES;
				CLANG_ENABLE_OBJC_ARC = YES;
				CLANG_ENABLE_OBJC_WEAK = YES;
				CLANG_WARN_BLOCK_CAPTURE_AUTORELEASING = YES;
				CLANG_WARN_BOOL_CONVERSION = YES;
				CLANG_WARN_COMMA = YES;
				CLANG_WARN_CONSTANT_CONVERSION = YES;
				CLANG_WARN_DEPRECATED_OBJC_IMPLEMENTATIONS = YES;
				CLANG_WARN_DIRECT_OBJC_ISA_USAGE = YES_ERROR;
				CLANG_WARN_DOCUMENTATION_COMMENTS = YES;
				CLANG_WARN_EMPTY_BODY = YES;
				CLANG_WARN_ENUM_CONVERSION = YES;
				CLANG_WARN_INFINITE_RECURSION = YES;
				CLANG_WARN_INT_CONVERSION = YES;
				CLANG_WARN_NON_LITERAL_NULL_CONVERSION = YES;
				CLANG_WARN_OBJC_IMPLICIT_RETAIN_SELF = YES;
				CLANG_WARN_OBJC_LITERAL_CONVERSION = YES;
				CLANG_WARN_OBJC_ROOT_CLASS = YES_ERROR;
				CLANG_WARN_RANGE_LOOP_ANALYSIS = YES;
				CLANG_WARN_STRICT_PROTOTYPES = YES;
				CLANG_WARN_SUSPICIOUS_MOVE = YES;
				CLANG_WARN_UNGUARDED_AVAILABILITY = YES_AGGRESSIVE;
				CLANG_WARN_UNREACHABLE_CODE = YES;
				CLANG_WARN__DUPLICATE_METHOD_MATCH = YES;
				CODE_SIGN_IDENTITY = "iPhone Developer";
				COPY_PHASE_STRIP = NO;
				DEBUG_INFORMATION_FORMAT = "dwarf-with-dsym";
				ENABLE_NS_ASSERTIONS = NO;
				ENABLE_STRICT_OBJC_MSGSEND = YES;
				GCC_C_LANGUAGE_STANDARD = gnu11;
				GCC_NO_COMMON_BLOCKS = YES;
				GCC_WARN_64_TO_32_BIT_CONVERSION = YES;
				GCC_WARN_ABOUT_RETURN_TYPE = YES_ERROR;
				GCC_WARN_UNDECLARED_SELECTOR = YES;
				GCC_WARN_UNINITIALIZED_AUTOS = YES_AGGRESSIVE;
				GCC_WARN_UNUSED_FUNCTION = YES;
				GCC_WARN_UNUSED_VARIABLE = YES;
				IPHONEOS_DEPLOYMENT_TARGET = 12.1;
				MTL_ENABLE_DEBUG_INFO = NO;
				MTL_FAST_MATH = YES;
				SDKROOT = iphoneos;
				SWIFT_COMPILATION_MODE = wholemodule;
				SWIFT_OPTIMIZATION_LEVEL = "-O";
				VALIDATE_PRODUCT = YES;
			};
			name = Release;
		};
		EDBD40A0222FB5C000ADD9A0 /* Debug */ = {
			isa = XCBuildConfiguration;
			baseConfigurationReference = AA4A1A64ADE76D2B3010137E /* Pods-Test Playground.debug.xcconfig */;
			buildSettings = {
				ASSETCATALOG_COMPILER_APPICON_NAME = AppIcon;
				CODE_SIGN_STYLE = Automatic;
				DEVELOPMENT_TEAM = 7PN6PXP9S4;
				INFOPLIST_FILE = "$(SRCROOT)/Test Playground/👑 Application Layer/Info.plist";
				IPHONEOS_DEPLOYMENT_TARGET = 10.0;
				LD_RUNPATH_SEARCH_PATHS = (
					"$(inherited)",
					"@executable_path/Frameworks",
				);
				PRODUCT_BUNDLE_IDENTIFIER = com.appcraft.playground;
				PRODUCT_NAME = "$(TARGET_NAME)";
				SWIFT_VERSION = 5.0;
				TARGETED_DEVICE_FAMILY = 1;
			};
			name = Debug;
		};
		EDBD40A1222FB5C000ADD9A0 /* Release */ = {
			isa = XCBuildConfiguration;
			baseConfigurationReference = 52534D87E093901861FA82C7 /* Pods-Test Playground.release.xcconfig */;
			buildSettings = {
				ASSETCATALOG_COMPILER_APPICON_NAME = AppIcon;
				CODE_SIGN_STYLE = Automatic;
				DEVELOPMENT_TEAM = 7PN6PXP9S4;
				INFOPLIST_FILE = "$(SRCROOT)/Test Playground/👑 Application Layer/Info.plist";
				IPHONEOS_DEPLOYMENT_TARGET = 10.0;
				LD_RUNPATH_SEARCH_PATHS = (
					"$(inherited)",
					"@executable_path/Frameworks",
				);
				PRODUCT_BUNDLE_IDENTIFIER = com.appcraft.playground;
				PRODUCT_NAME = "$(TARGET_NAME)";
				SWIFT_VERSION = 5.0;
				TARGETED_DEVICE_FAMILY = 1;
			};
			name = Release;
		};
/* End XCBuildConfiguration section */

/* Begin XCConfigurationList section */
		EDBD4088222FB5BE00ADD9A0 /* Build configuration list for PBXProject "Test Playground" */ = {
			isa = XCConfigurationList;
			buildConfigurations = (
				EDBD409D222FB5C000ADD9A0 /* Debug */,
				EDBD409E222FB5C000ADD9A0 /* Release */,
			);
			defaultConfigurationIsVisible = 0;
			defaultConfigurationName = Release;
		};
		EDBD409F222FB5C000ADD9A0 /* Build configuration list for PBXNativeTarget "Test Playground" */ = {
			isa = XCConfigurationList;
			buildConfigurations = (
				EDBD40A0222FB5C000ADD9A0 /* Debug */,
				EDBD40A1222FB5C000ADD9A0 /* Release */,
			);
			defaultConfigurationIsVisible = 0;
			defaultConfigurationName = Release;
		};
/* End XCConfigurationList section */

/* Begin XCVersionGroup section */
		EDAD8C22223A6DE800F0BB43 /* Playground.xcdatamodeld */ = {
			isa = XCVersionGroup;
			children = (
				EDAD8C23223A6DE800F0BB43 /* Playground.xcdatamodel */,
			);
			currentVersion = EDAD8C23223A6DE800F0BB43 /* Playground.xcdatamodel */;
			path = Playground.xcdatamodeld;
			sourceTree = "<group>";
			versionGroupType = wrapper.xcdatamodel;
		};
/* End XCVersionGroup section */
	};
	rootObject = EDBD4085222FB5BE00ADD9A0 /* Project object */;
}
